// !$*UTF8*$!
{
	archiveVersion = 1;
	classes = {
	};
	objectVersion = 50;
	objects = {

/* Begin PBXBuildFile section */
		8B7D4E392221CA4800E0E448 /* ViewController.swift in Sources */ = {isa = PBXBuildFile; fileRef = 8B7D4E382221CA4800E0E448 /* ViewController.swift */; };
		8B7D4E3C2221CA4800E0E448 /* Main.storyboard in Resources */ = {isa = PBXBuildFile; fileRef = 8B7D4E3A2221CA4800E0E448 /* Main.storyboard */; };
		8B7D4E3E2221CA4F00E0E448 /* Assets.xcassets in Resources */ = {isa = PBXBuildFile; fileRef = 8B7D4E3D2221CA4F00E0E448 /* Assets.xcassets */; };
		8B7D4E412221CA4F00E0E448 /* LaunchScreen.storyboard in Resources */ = {isa = PBXBuildFile; fileRef = 8B7D4E3F2221CA4F00E0E448 /* LaunchScreen.storyboard */; };
		ABB7C42029AF54F500711661 /* ContentView.swift in Sources */ = {isa = PBXBuildFile; fileRef = ABB7C41E29AF54F500711661 /* ContentView.swift */; };
		ABB7C42129AF54F500711661 /* FaceMeshApp.swift in Sources */ = {isa = PBXBuildFile; fileRef = ABB7C41F29AF54F500711661 /* FaceMeshApp.swift */; };
/* End PBXBuildFile section */

/* Begin PBXFileReference section */
		8B7D4E312221CA4800E0E448 /* FaceMesh.app */ = {isa = PBXFileReference; explicitFileType = wrapper.application; includeInIndex = 0; path = FaceMesh.app; sourceTree = BUILT_PRODUCTS_DIR; };
		8B7D4E382221CA4800E0E448 /* ViewController.swift */ = {isa = PBXFileReference; lastKnownFileType = sourcecode.swift; path = ViewController.swift; sourceTree = "<group>"; };
		8B7D4E3B2221CA4800E0E448 /* Base */ = {isa = PBXFileReference; lastKnownFileType = file.storyboard; name = Base; path = Base.lproj/Main.storyboard; sourceTree = "<group>"; };
		8B7D4E3D2221CA4F00E0E448 /* Assets.xcassets */ = {isa = PBXFileReference; lastKnownFileType = folder.assetcatalog; path = Assets.xcassets; sourceTree = "<group>"; };
		8B7D4E402221CA4F00E0E448 /* Base */ = {isa = PBXFileReference; lastKnownFileType = file.storyboard; name = Base; path = Base.lproj/LaunchScreen.storyboard; sourceTree = "<group>"; };
		8B7D4E422221CA4F00E0E448 /* Info.plist */ = {isa = PBXFileReference; lastKnownFileType = text.plist.xml; path = Info.plist; sourceTree = "<group>"; };
		ABB7C41E29AF54F500711661 /* ContentView.swift */ = {isa = PBXFileReference; fileEncoding = 4; lastKnownFileType = sourcecode.swift; path = ContentView.swift; sourceTree = "<group>"; };
		ABB7C41F29AF54F500711661 /* FaceMeshApp.swift */ = {isa = PBXFileReference; fileEncoding = 4; lastKnownFileType = sourcecode.swift; path = FaceMeshApp.swift; sourceTree = "<group>"; };
		ABB7C42229AF606F00711661 /* README.md */ = {isa = PBXFileReference; lastKnownFileType = net.daringfireball.markdown; path = README.md; sourceTree = "<group>"; };
/* End PBXFileReference section */

/* Begin PBXFrameworksBuildPhase section */
		8B7D4E2E2221CA4800E0E448 /* Frameworks */ = {
			isa = PBXFrameworksBuildPhase;
			buildActionMask = 2147483647;
			files = (
			);
			runOnlyForDeploymentPostprocessing = 0;
		};
/* End PBXFrameworksBuildPhase section */

/* Begin PBXGroup section */
		8B7D4E282221CA4800E0E448 = {
			isa = PBXGroup;
			children = (
				ABB7C42229AF606F00711661 /* README.md */,
				8B7D4E332221CA4800E0E448 /* FaceMesh */,
				8B7D4E322221CA4800E0E448 /* Products */,
			);
			sourceTree = "<group>";
		};
		8B7D4E322221CA4800E0E448 /* Products */ = {
			isa = PBXGroup;
			children = (
				8B7D4E312221CA4800E0E448 /* FaceMesh.app */,
			);
			name = Products;
			sourceTree = "<group>";
		};
		8B7D4E332221CA4800E0E448 /* FaceMesh */ = {
			isa = PBXGroup;
			children = (
				ABB7C41F29AF54F500711661 /* FaceMeshApp.swift */,
				ABB7C41E29AF54F500711661 /* ContentView.swift */,
				8B7D4E382221CA4800E0E448 /* ViewController.swift */,
				8B7D4E3A2221CA4800E0E448 /* Main.storyboard */,
				8B7D4E3D2221CA4F00E0E448 /* Assets.xcassets */,
				8B7D4E3F2221CA4F00E0E448 /* LaunchScreen.storyboard */,
				8B7D4E422221CA4F00E0E448 /* Info.plist */,
			);
			path = FaceMesh;
			sourceTree = "<group>";
		};
/* End PBXGroup section */

/* Begin PBXNativeTarget section */
		8B7D4E302221CA4800E0E448 /* FaceMesh */ = {
			isa = PBXNativeTarget;
			buildConfigurationList = 8B7D4E452221CA4F00E0E448 /* Build configuration list for PBXNativeTarget "FaceMesh" */;
			buildPhases = (
				8B7D4E2D2221CA4800E0E448 /* Sources */,
				8B7D4E2E2221CA4800E0E448 /* Frameworks */,
				8B7D4E2F2221CA4800E0E448 /* Resources */,
			);
			buildRules = (
			);
			dependencies = (
			);
			name = FaceMesh;
			productName = "True Depth";
			productReference = 8B7D4E312221CA4800E0E448 /* FaceMesh.app */;
			productType = "com.apple.product-type.application";
		};
/* End PBXNativeTarget section */

/* Begin PBXProject section */
		8B7D4E292221CA4800E0E448 /* Project object */ = {
			isa = PBXProject;
			attributes = {
				LastSwiftUpdateCheck = 1010;
				LastUpgradeCheck = 1420;
				ORGANIZATIONNAME = AppCoda;
				TargetAttributes = {
					8B7D4E302221CA4800E0E448 = {
						CreatedOnToolsVersion = 10.1;
						LastSwiftMigration = 1020;
					};
				};
			};
			buildConfigurationList = 8B7D4E2C2221CA4800E0E448 /* Build configuration list for PBXProject "FaceMesh" */;
			compatibilityVersion = "Xcode 9.3";
			developmentRegion = en;
			hasScannedForEncodings = 0;
			knownRegions = (
				en,
				Base,
			);
			mainGroup = 8B7D4E282221CA4800E0E448;
			productRefGroup = 8B7D4E322221CA4800E0E448 /* Products */;
			projectDirPath = "";
			projectRoot = "";
			targets = (
				8B7D4E302221CA4800E0E448 /* FaceMesh */,
			);
		};
/* End PBXProject section */

/* Begin PBXResourcesBuildPhase section */
		8B7D4E2F2221CA4800E0E448 /* Resources */ = {
			isa = PBXResourcesBuildPhase;
			buildActionMask = 2147483647;
			files = (
				8B7D4E412221CA4F00E0E448 /* LaunchScreen.storyboard in Resources */,
				8B7D4E3E2221CA4F00E0E448 /* Assets.xcassets in Resources */,
				8B7D4E3C2221CA4800E0E448 /* Main.storyboard in Resources */,
			);
			runOnlyForDeploymentPostprocessing = 0;
		};
/* End PBXResourcesBuildPhase section */

/* Begin PBXSourcesBuildPhase section */
		8B7D4E2D2221CA4800E0E448 /* Sources */ = {
			isa = PBXSourcesBuildPhase;
			buildActionMask = 2147483647;
			files = (
				ABB7C42029AF54F500711661 /* ContentView.swift in Sources */,
				8B7D4E392221CA4800E0E448 /* ViewController.swift in Sources */,
				ABB7C42129AF54F500711661 /* FaceMeshApp.swift in Sources */,
			);
			runOnlyForDeploymentPostprocessing = 0;
		};
/* End PBXSourcesBuildPhase section */

/* Begin PBXVariantGroup section */
		8B7D4E3A2221CA4800E0E448 /* Main.storyboard */ = {
			isa = PBXVariantGroup;
			children = (
				8B7D4E3B2221CA4800E0E448 /* Base */,
			);
			name = Main.storyboard;
			sourceTree = "<group>";
		};
		8B7D4E3F2221CA4F00E0E448 /* LaunchScreen.storyboard */ = {
			isa = PBXVariantGroup;
			children = (
				8B7D4E402221CA4F00E0E448 /* Base */,
			);
			name = LaunchScreen.storyboard;
			sourceTree = "<group>";
		};
/* End PBXVariantGroup section */

/* Begin XCBuildConfiguration section */
		8B7D4E432221CA4F00E0E448 /* Debug */ = {
			isa = XCBuildConfiguration;
			buildSettings = {
				ALWAYS_SEARCH_USER_PATHS = NO;
				CLANG_ANALYZER_NONNULL = YES;
				CLANG_ANALYZER_NUMBER_OBJECT_CONVERSION = YES_AGGRESSIVE;
				CLANG_CXX_LANGUAGE_STANDARD = "gnu++14";
				CLANG_CXX_LIBRARY = "libc++";
				CLANG_ENABLE_MODULES = YES;
				CLANG_ENABLE_OBJC_ARC = YES;
				CLANG_ENABLE_OBJC_WEAK = YES;
				CLANG_WARN_BLOCK_CAPTURE_AUTORELEASING = YES;
				CLANG_WARN_BOOL_CONVERSION = YES;
				CLANG_WARN_COMMA = YES;
				CLANG_WARN_CONSTANT_CONVERSION = YES;
				CLANG_WARN_DEPRECATED_OBJC_IMPLEMENTATIONS = YES;
				CLANG_WARN_DIRECT_OBJC_ISA_USAGE = YES_ERROR;
				CLANG_WARN_DOCUMENTATION_COMMENTS = YES;
				CLANG_WARN_EMPTY_BODY = YES;
				CLANG_WARN_ENUM_CONVERSION = YES;
				CLANG_WARN_INFINITE_RECURSION = YES;
				CLANG_WARN_INT_CONVERSION = YES;
				CLANG_WARN_NON_LITERAL_NULL_CONVERSION = YES;
				CLANG_WARN_OBJC_IMPLICIT_RETAIN_SELF = YES;
				CLANG_WARN_OBJC_LITERAL_CONVERSION = YES;
				CLANG_WARN_OBJC_ROOT_CLASS = YES_ERROR;
				CLANG_WARN_QUOTED_INCLUDE_IN_FRAMEWORK_HEADER = YES;
				CLANG_WARN_RANGE_LOOP_ANALYSIS = YES;
				CLANG_WARN_STRICT_PROTOTYPES = YES;
				CLANG_WARN_SUSPICIOUS_MOVE = YES;
				CLANG_WARN_UNGUARDED_AVAILABILITY = YES_AGGRESSIVE;
				CLANG_WARN_UNREACHABLE_CODE = YES;
				CLANG_WARN__DUPLICATE_METHOD_MATCH = YES;
				CODE_SIGN_IDENTITY = "iPhone Developer";
				COPY_PHASE_STRIP = NO;
				DEBUG_INFORMATION_FORMAT = dwarf;
				ENABLE_STRICT_OBJC_MSGSEND = YES;
				ENABLE_TESTABILITY = YES;
				GCC_C_LANGUAGE_STANDARD = gnu11;
				GCC_DYNAMIC_NO_PIC = NO;
				GCC_NO_COMMON_BLOCKS = YES;
				GCC_OPTIMIZATION_LEVEL = 0;
				GCC_PREPROCESSOR_DEFINITIONS = (
					"DEBUG=1",
					"$(inherited)",
				);
				GCC_WARN_64_TO_32_BIT_CONVERSION = YES;
				GCC_WARN_ABOUT_RETURN_TYPE = YES_ERROR;
				GCC_WARN_UNDECLARED_SELECTOR = YES;
				GCC_WARN_UNINITIALIZED_AUTOS = YES_AGGRESSIVE;
				GCC_WARN_UNUSED_FUNCTION = YES;
				GCC_WARN_UNUSED_VARIABLE = YES;
				IPHONEOS_DEPLOYMENT_TARGET = 12.1;
				MTL_ENABLE_DEBUG_INFO = INCLUDE_SOURCE;
				MTL_FAST_MATH = YES;
				ONLY_ACTIVE_ARCH = YES;
				SDKROOT = iphoneos;
				SWIFT_ACTIVE_COMPILATION_CONDITIONS = DEBUG;
				SWIFT_OPTIMIZATION_LEVEL = "-Onone";
			};
			name = Debug;
		};
		8B7D4E442221CA4F00E0E448 /* Release */ = {
			isa = XCBuildConfiguration;
			buildSettings = {
				ALWAYS_SEARCH_USER_PATHS = NO;
				CLANG_ANALYZER_NONNULL = YES;
				CLANG_ANALYZER_NUMBER_OBJECT_CONVERSION = YES_AGGRESSIVE;
				CLANG_CXX_LANGUAGE_STANDARD = "gnu++14";
				CLANG_CXX_LIBRARY = "libc++";
				CLANG_ENABLE_MODULES = YES;
				CLANG_ENABLE_OBJC_ARC = YES;
				CLANG_ENABLE_OBJC_WEAK = YES;
				CLANG_WARN_BLOCK_CAPTURE_AUTORELEASING = YES;
				CLANG_WARN_BOOL_CONVERSION = YES;
				CLANG_WARN_COMMA = YES;
				CLANG_WARN_CONSTANT_CONVERSION = YES;
				CLANG_WARN_DEPRECATED_OBJC_IMPLEMENTATIONS = YES;
				CLANG_WARN_DIRECT_OBJC_ISA_USAGE = YES_ERROR;
				CLANG_WARN_DOCUMENTATION_COMMENTS = YES;
				CLANG_WARN_EMPTY_BODY = YES;
				CLANG_WARN_ENUM_CONVERSION = YES;
				CLANG_WARN_INFINITE_RECURSION = YES;
				CLANG_WARN_INT_CONVERSION = YES;
				CLANG_WARN_NON_LITERAL_NULL_CONVERSION = YES;
				CLANG_WARN_OBJC_IMPLICIT_RETAIN_SELF = YES;
				CLANG_WARN_OBJC_LITERAL_CONVERSION = YES;
				CLANG_WARN_OBJC_ROOT_CLASS = YES_ERROR;
				CLANG_WARN_QUOTED_INCLUDE_IN_FRAMEWORK_HEADER = YES;
				CLANG_WARN_RANGE_LOOP_ANALYSIS = YES;
				CLANG_WARN_STRICT_PROTOTYPES = YES;
				CLANG_WARN_SUSPICIOUS_MOVE = YES;
				CLANG_WARN_UNGUARDED_AVAILABILITY = YES_AGGRESSIVE;
				CLANG_WARN_UNREACHABLE_CODE = YES;
				CLANG_WARN__DUPLICATE_METHOD_MATCH = YES;
				CODE_SIGN_IDENTITY = "iPhone Developer";
				COPY_PHASE_STRIP = NO;
				DEBUG_INFORMATION_FORMAT = "dwarf-with-dsym";
				ENABLE_NS_ASSERTIONS = NO;
				ENABLE_STRICT_OBJC_MSGSEND = YES;
				GCC_C_LANGUAGE_STANDARD = gnu11;
				GCC_NO_COMMON_BLOCKS = YES;
				GCC_WARN_64_TO_32_BIT_CONVERSION = YES;
				GCC_WARN_ABOUT_RETURN_TYPE = YES_ERROR;
				GCC_WARN_UNDECLARED_SELECTOR = YES;
				GCC_WARN_UNINITIALIZED_AUTOS = YES_AGGRESSIVE;
				GCC_WARN_UNUSED_FUNCTION = YES;
				GCC_WARN_UNUSED_VARIABLE = YES;
				IPHONEOS_DEPLOYMENT_TARGET = 12.1;
				MTL_ENABLE_DEBUG_INFO = NO;
				MTL_FAST_MATH = YES;
				SDKROOT = iphoneos;
				SWIFT_COMPILATION_MODE = wholemodule;
				SWIFT_OPTIMIZATION_LEVEL = "-O";
				VALIDATE_PRODUCT = YES;
			};
			name = Release;
		};
		8B7D4E462221CA4F00E0E448 /* Debug */ = {
			isa = XCBuildConfiguration;
			buildSettings = {
				ASSETCATALOG_COMPILER_APPICON_NAME = AppIcon;
				CODE_SIGN_STYLE = Automatic;
				DEVELOPMENT_TEAM = 3RCW2SSL8G;
				INFOPLIST_FILE = FaceMesh/Info.plist;
				IPHONEOS_DEPLOYMENT_TARGET = 16.0;
				LD_RUNPATH_SEARCH_PATHS = (
					"$(inherited)",
					"@executable_path/Frameworks",
				);
				PRODUCT_BUNDLE_IDENTIFIER = com.jht1900.FaceMesh;
				PRODUCT_NAME = "$(TARGET_NAME)";
				SWIFT_VERSION = 5.0;
				TARGETED_DEVICE_FAMILY = "1,2";
			};
			name = Debug;
		};
		8B7D4E472221CA4F00E0E448 /* Release */ = {
			isa = XCBuildConfiguration;
			buildSettings = {
				ASSETCATALOG_COMPILER_APPICON_NAME = AppIcon;
				CODE_SIGN_STYLE = Automatic;
				DEVELOPMENT_TEAM = 3RCW2SSL8G;
				INFOPLIST_FILE = FaceMesh/Info.plist;
				IPHONEOS_DEPLOYMENT_TARGET = 16.0;
				LD_RUNPATH_SEARCH_PATHS = (
					"$(inherited)",
					"@executable_path/Frameworks",
				);
				PRODUCT_BUNDLE_IDENTIFIER = com.jht1900.FaceMesh;
				PRODUCT_NAME = "$(TARGET_NAME)";
				SWIFT_VERSION = 5.0;
				TARGETED_DEVICE_FAMILY = "1,2";
			};
			name = Release;
		};
/* End XCBuildConfiguration section */

/* Begin XCConfigurationList section */
		8B7D4E2C2221CA4800E0E448 /* Build configuration list for PBXProject "FaceMesh" */ = {
			isa = XCConfigurationList;
			buildConfigurations = (
				8B7D4E432221CA4F00E0E448 /* Debug */,
				8B7D4E442221CA4F00E0E448 /* Release */,
			);
			defaultConfigurationIsVisible = 0;
			defaultConfigurationName = Release;
		};
		8B7D4E452221CA4F00E0E448 /* Build configuration list for PBXNativeTarget "FaceMesh" */ = {
			isa = XCConfigurationList;
			buildConfigurations = (
				8B7D4E462221CA4F00E0E448 /* Debug */,
				8B7D4E472221CA4F00E0E448 /* Release */,
			);
			defaultConfigurationIsVisible = 0;
			defaultConfigurationName = Release;
		};
/* End XCConfigurationList section */
	};
	rootObject = 8B7D4E292221CA4800E0E448 /* Project object */;
}
